
Microsoft Visual Studio Solution File, Format Version 12.00
# Visual Studio Version 17
VisualStudioVersion = 17.4.33213.308
MinimumVisualStudioVersion = 10.0.40219.1
Project("{2150E333-8FDC-42A3-9474-1A3956D46DE8}") = "src", "src", "{B17B45AF-DF89-42A1-A6ED-55B1C8160847}"
EndProject
Project("{2150E333-8FDC-42A3-9474-1A3956D46DE8}") = "Core", "Core", "{6CDCB356-266E-43FE-9F58-0212F1B24A63}"
EndProject
Project("{2150E333-8FDC-42A3-9474-1A3956D46DE8}") = "Infrastructure", "Infrastructure", "{1E9D1D9A-49D6-4CA1-A27E-716C453133F9}"
EndProject
Project("{2150E333-8FDC-42A3-9474-1A3956D46DE8}") = "Presentation", "Presentation", "{6EE9B751-4B4A-47A7-A0CA-FD5D118C7E74}"
EndProject
Project("{9A19103F-16F7-4668-BE54-9A1E7A4F7556}") = "Application", "src\Core\Application\Application.csproj", "{DF09F5F9-05AF-4207-B572-2E4D88143701}"
EndProject
Project("{9A19103F-16F7-4668-BE54-9A1E7A4F7556}") = "Domain", "src\Core\Domain\Domain.csproj", "{EEBEB9B8-2FBE-4CA2-9A1C-D2A1A92D8100}"
EndProject
Project("{9A19103F-16F7-4668-BE54-9A1E7A4F7556}") = "Infrastructure", "src\Infrastructure\Infrastructure\Infrastructure.csproj", "{047084CE-5C08-4E2B-873E-97F1215B2B6B}"
EndProject
Project("{9A19103F-16F7-4668-BE54-9A1E7A4F7556}") = "Persistance", "src\Infrastructure\Persistance\Persistance.csproj", "{C9CC7282-D1AA-4D34-A442-CF93A75B2F60}"
EndProject
Project("{9A19103F-16F7-4668-BE54-9A1E7A4F7556}") = "Ozka.API", "src\Presentation\Ozkaya.API\Ozka.API.csproj", "{B6BA59D0-090E-4D2F-8D6E-824957B35135}"
EndProject
Project("{9A19103F-16F7-4668-BE54-9A1E7A4F7556}") = "Ozka.Web", "src\Presentation\Ozkaya.Web\Ozka.Web.csproj", "{6C052038-9A9F-48F7-B557-4CEBEA3A05B0}"
EndProject
Global
	GlobalSection(SolutionConfigurationPlatforms) = preSolution
		Debug|Any CPU = Debug|Any CPU
		Release|Any CPU = Release|Any CPU
	EndGlobalSection
	GlobalSection(ProjectConfigurationPlatforms) = postSolution
		{DF09F5F9-05AF-4207-B572-2E4D88143701}.Debug|Any CPU.ActiveCfg = Debug|Any CPU
		{DF09F5F9-05AF-4207-B572-2E4D88143701}.Debug|Any CPU.Build.0 = Debug|Any CPU
		{DF09F5F9-05AF-4207-B572-2E4D88143701}.Release|Any CPU.ActiveCfg = Release|Any CPU
		{DF09F5F9-05AF-4207-B572-2E4D88143701}.Release|Any CPU.Build.0 = Release|Any CPU
		{EEBEB9B8-2FBE-4CA2-9A1C-D2A1A92D8100}.Debug|Any CPU.ActiveCfg = Debug|Any CPU
		{EEBEB9B8-2FBE-4CA2-9A1C-D2A1A92D8100}.Debug|Any CPU.Build.0 = Debug|Any CPU
		{EEBEB9B8-2FBE-4CA2-9A1C-D2A1A92D8100}.Release|Any CPU.ActiveCfg = Release|Any CPU
		{EEBEB9B8-2FBE-4CA2-9A1C-D2A1A92D8100}.Release|Any CPU.Build.0 = Release|Any CPU
		{047084CE-5C08-4E2B-873E-97F1215B2B6B}.Debug|Any CPU.ActiveCfg = Debug|Any CPU
		{047084CE-5C08-4E2B-873E-97F1215B2B6B}.Debug|Any CPU.Build.0 = Debug|Any CPU
		{047084CE-5C08-4E2B-873E-97F1215B2B6B}.Release|Any CPU.ActiveCfg = Release|Any CPU
		{047084CE-5C08-4E2B-873E-97F1215B2B6B}.Release|Any CPU.Build.0 = Release|Any CPU
		{C9CC7282-D1AA-4D34-A442-CF93A75B2F60}.Debug|Any CPU.ActiveCfg = Debug|Any CPU
		{C9CC7282-D1AA-4D34-A442-CF93A75B2F60}.Debug|Any CPU.Build.0 = Debug|Any CPU
		{C9CC7282-D1AA-4D34-A442-CF93A75B2F60}.Release|Any CPU.ActiveCfg = Release|Any CPU
		{C9CC7282-D1AA-4D34-A442-CF93A75B2F60}.Release|Any CPU.Build.0 = Release|Any CPU
		{B6BA59D0-090E-4D2F-8D6E-824957B35135}.Debug|Any CPU.ActiveCfg = Debug|Any CPU
		{B6BA59D0-090E-4D2F-8D6E-824957B35135}.Debug|Any CPU.Build.0 = Debug|Any CPU
		{B6BA59D0-090E-4D2F-8D6E-824957B35135}.Release|Any CPU.ActiveCfg = Release|Any CPU
		{B6BA59D0-090E-4D2F-8D6E-824957B35135}.Release|Any CPU.Build.0 = Release|Any CPU
		{6C052038-9A9F-48F7-B557-4CEBEA3A05B0}.Debug|Any CPU.ActiveCfg = Debug|Any CPU
		{6C052038-9A9F-48F7-B557-4CEBEA3A05B0}.Debug|Any CPU.Build.0 = Debug|Any CPU
		{6C052038-9A9F-48F7-B557-4CEBEA3A05B0}.Release|Any CPU.ActiveCfg = Release|Any CPU
		{6C052038-9A9F-48F7-B557-4CEBEA3A05B0}.Release|Any CPU.Build.0 = Release|Any CPU
	EndGlobalSection
	GlobalSection(SolutionProperties) = preSolution
		HideSolutionNode = FALSE
	EndGlobalSection
	GlobalSection(NestedProjects) = preSolution
		{6CDCB356-266E-43FE-9F58-0212F1B24A63} = {B17B45AF-DF89-42A1-A6ED-55B1C8160847}
		{1E9D1D9A-49D6-4CA1-A27E-716C453133F9} = {B17B45AF-DF89-42A1-A6ED-55B1C8160847}
		{6EE9B751-4B4A-47A7-A0CA-FD5D118C7E74} = {B17B45AF-DF89-42A1-A6ED-55B1C8160847}
		{DF09F5F9-05AF-4207-B572-2E4D88143701} = {6CDCB356-266E-43FE-9F58-0212F1B24A63}
		{EEBEB9B8-2FBE-4CA2-9A1C-D2A1A92D8100} = {6CDCB356-266E-43FE-9F58-0212F1B24A63}
		{047084CE-5C08-4E2B-873E-97F1215B2B6B} = {1E9D1D9A-49D6-4CA1-A27E-716C453133F9}
		{C9CC7282-D1AA-4D34-A442-CF93A75B2F60} = {1E9D1D9A-49D6-4CA1-A27E-716C453133F9}
		{B6BA59D0-090E-4D2F-8D6E-824957B35135} = {6EE9B751-4B4A-47A7-A0CA-FD5D118C7E74}
		{6C052038-9A9F-48F7-B557-4CEBEA3A05B0} = {6EE9B751-4B4A-47A7-A0CA-FD5D118C7E74}
	EndGlobalSection
	GlobalSection(ExtensibilityGlobals) = postSolution
		SolutionGuid = {497916C1-18F2-48FD-87A2-56EA022673FD}
	EndGlobalSection
EndGlobal
